
Microsoft Visual Studio Solution File, Format Version 12.00
# Visual Studio Version 17
VisualStudioVersion = 17.11.35312.102
MinimumVisualStudioVersion = 10.0.40219.1
Project("{FAE04EC0-301F-11D3-BF4B-00C04F79EFBC}") = "PRONIO", "PRONIO\PRONIO.csproj", "{978B28BF-A65E-4171-9B38-548265D73FB9}"
EndProject
Global
	GlobalSection(SolutionConfigurationPlatforms) = preSolution
		Debug|Any CPU = Debug|Any CPU
		Release|Any CPU = Release|Any CPU
	EndGlobalSection
	GlobalSection(ProjectConfigurationPlatforms) = postSolution
		{978B28BF-A65E-4171-9B38-548265D73FB9}.Debug|Any CPU.ActiveCfg = Debug|Any CPU
		{978B28BF-A65E-4171-9B38-548265D73FB9}.Debug|Any CPU.Build.0 = Debug|Any CPU
		{978B28BF-A65E-4171-9B38-548265D73FB9}.Release|Any CPU.ActiveCfg = Release|Any CPU
		{978B28BF-A65E-4171-9B38-548265D73FB9}.Release|Any CPU.Build.0 = Release|Any CPU
	EndGlobalSection
	GlobalSection(SolutionProperties) = preSolution
		HideSolutionNode = FALSE
	EndGlobalSection
	GlobalSection(ExtensibilityGlobals) = postSolution
		SolutionGuid = {9C634FC5-FE9A-4BD4-BAC9-80708EB8BDF1}
	EndGlobalSection
EndGlobal
